
Microsoft Visual Studio Solution File, Format Version 12.00
# Visual Studio Version 16
VisualStudioVersion = 16.0.30804.86
MinimumVisualStudioVersion = 10.0.40219.1
Project("{FAE04EC0-301F-11D3-BF4B-00C04F79EFBC}") = "Count Real Numbers", "Count Real Numbers\Count Real Numbers.csproj", "{55430CD8-3BD0-41D8-8C1F-3CDB855A51CC}"
EndProject
Project("{FAE04EC0-301F-11D3-BF4B-00C04F79EFBC}") = "Odd Occurrences", "Odd Occurrences\Odd Occurrences.csproj", "{77B16E88-6D57-41DB-AFD0-4BF01F8FD463}"
EndProject
Project("{FAE04EC0-301F-11D3-BF4B-00C04F79EFBC}") = "Word Synonyms", "Word Synonyms\Word Synonyms.csproj", "{32458C0E-C503-479D-ADA2-0B3A3AA946FF}"
EndProject
Project("{FAE04EC0-301F-11D3-BF4B-00C04F79EFBC}") = "Largest 3 Numbers", "Largest 3 Numbers\Largest 3 Numbers.csproj", "{CF9029A3-70AD-437C-A8C5-A19D457C5951}"
EndProject
Project("{FAE04EC0-301F-11D3-BF4B-00C04F79EFBC}") = "Word Filter", "Word Filter\Word Filter.csproj", "{D6ADC3C0-6C0A-46ED-B967-29ED2015741F}"
EndProject
Global
	GlobalSection(SolutionConfigurationPlatforms) = preSolution
		Debug|Any CPU = Debug|Any CPU
		Release|Any CPU = Release|Any CPU
	EndGlobalSection
	GlobalSection(ProjectConfigurationPlatforms) = postSolution
		{55430CD8-3BD0-41D8-8C1F-3CDB855A51CC}.Debug|Any CPU.ActiveCfg = Debug|Any CPU
		{55430CD8-3BD0-41D8-8C1F-3CDB855A51CC}.Debug|Any CPU.Build.0 = Debug|Any CPU
		{55430CD8-3BD0-41D8-8C1F-3CDB855A51CC}.Release|Any CPU.ActiveCfg = Release|Any CPU
		{55430CD8-3BD0-41D8-8C1F-3CDB855A51CC}.Release|Any CPU.Build.0 = Release|Any CPU
		{77B16E88-6D57-41DB-AFD0-4BF01F8FD463}.Debug|Any CPU.ActiveCfg = Debug|Any CPU
		{77B16E88-6D57-41DB-AFD0-4BF01F8FD463}.Debug|Any CPU.Build.0 = Debug|Any CPU
		{77B16E88-6D57-41DB-AFD0-4BF01F8FD463}.Release|Any CPU.ActiveCfg = Release|Any CPU
		{77B16E88-6D57-41DB-AFD0-4BF01F8FD463}.Release|Any CPU.Build.0 = Release|Any CPU
		{32458C0E-C503-479D-ADA2-0B3A3AA946FF}.Debug|Any CPU.ActiveCfg = Debug|Any CPU
		{32458C0E-C503-479D-ADA2-0B3A3AA946FF}.Debug|Any CPU.Build.0 = Debug|Any CPU
		{32458C0E-C503-479D-ADA2-0B3A3AA946FF}.Release|Any CPU.ActiveCfg = Release|Any CPU
		{32458C0E-C503-479D-ADA2-0B3A3AA946FF}.Release|Any CPU.Build.0 = Release|Any CPU
		{CF9029A3-70AD-437C-A8C5-A19D457C5951}.Debug|Any CPU.ActiveCfg = Debug|Any CPU
		{CF9029A3-70AD-437C-A8C5-A19D457C5951}.Debug|Any CPU.Build.0 = Debug|Any CPU
		{CF9029A3-70AD-437C-A8C5-A19D457C5951}.Release|Any CPU.ActiveCfg = Release|Any CPU
		{CF9029A3-70AD-437C-A8C5-A19D457C5951}.Release|Any CPU.Build.0 = Release|Any CPU
		{D6ADC3C0-6C0A-46ED-B967-29ED2015741F}.Debug|Any CPU.ActiveCfg = Debug|Any CPU
		{D6ADC3C0-6C0A-46ED-B967-29ED2015741F}.Debug|Any CPU.Build.0 = Debug|Any CPU
		{D6ADC3C0-6C0A-46ED-B967-29ED2015741F}.Release|Any CPU.ActiveCfg = Release|Any CPU
		{D6ADC3C0-6C0A-46ED-B967-29ED2015741F}.Release|Any CPU.Build.0 = Release|Any CPU
	EndGlobalSection
	GlobalSection(SolutionProperties) = preSolution
		HideSolutionNode = FALSE
	EndGlobalSection
	GlobalSection(ExtensibilityGlobals) = postSolution
		SolutionGuid = {70F26E57-7E75-40E3-90E5-65E27A802CDE}
	EndGlobalSection
EndGlobal
