
Microsoft Visual Studio Solution File, Format Version 12.00
# Visual Studio Version 16
VisualStudioVersion = 16.0.30804.86
MinimumVisualStudioVersion = 10.0.40219.1
Project("{FAE04EC0-301F-11D3-BF4B-00C04F79EFBC}") = "Extract Person Information", "Extract Person Information\Extract Person Information.csproj", "{C29D22C3-98BD-4386-85CB-B9ED9B768844}"
EndProject
Project("{FAE04EC0-301F-11D3-BF4B-00C04F79EFBC}") = "Ascii Sumator", "Ascii Sumator\Ascii Sumator.csproj", "{713D9892-F5E5-4F5E-986D-7119BFCAD7C3}"
EndProject
Project("{FAE04EC0-301F-11D3-BF4B-00C04F79EFBC}") = "Treasure Finder", "Treasure Finder\Treasure Finder.csproj", "{FA5DC3B7-1E53-47D1-8453-AE54CBD083B0}"
EndProject
Global
	GlobalSection(SolutionConfigurationPlatforms) = preSolution
		Debug|Any CPU = Debug|Any CPU
		Release|Any CPU = Release|Any CPU
	EndGlobalSection
	GlobalSection(ProjectConfigurationPlatforms) = postSolution
		{C29D22C3-98BD-4386-85CB-B9ED9B768844}.Debug|Any CPU.ActiveCfg = Debug|Any CPU
		{C29D22C3-98BD-4386-85CB-B9ED9B768844}.Debug|Any CPU.Build.0 = Debug|Any CPU
		{C29D22C3-98BD-4386-85CB-B9ED9B768844}.Release|Any CPU.ActiveCfg = Release|Any CPU
		{C29D22C3-98BD-4386-85CB-B9ED9B768844}.Release|Any CPU.Build.0 = Release|Any CPU
		{713D9892-F5E5-4F5E-986D-7119BFCAD7C3}.Debug|Any CPU.ActiveCfg = Debug|Any CPU
		{713D9892-F5E5-4F5E-986D-7119BFCAD7C3}.Debug|Any CPU.Build.0 = Debug|Any CPU
		{713D9892-F5E5-4F5E-986D-7119BFCAD7C3}.Release|Any CPU.ActiveCfg = Release|Any CPU
		{713D9892-F5E5-4F5E-986D-7119BFCAD7C3}.Release|Any CPU.Build.0 = Release|Any CPU
		{FA5DC3B7-1E53-47D1-8453-AE54CBD083B0}.Debug|Any CPU.ActiveCfg = Debug|Any CPU
		{FA5DC3B7-1E53-47D1-8453-AE54CBD083B0}.Debug|Any CPU.Build.0 = Debug|Any CPU
		{FA5DC3B7-1E53-47D1-8453-AE54CBD083B0}.Release|Any CPU.ActiveCfg = Release|Any CPU
		{FA5DC3B7-1E53-47D1-8453-AE54CBD083B0}.Release|Any CPU.Build.0 = Release|Any CPU
	EndGlobalSection
	GlobalSection(SolutionProperties) = preSolution
		HideSolutionNode = FALSE
	EndGlobalSection
	GlobalSection(ExtensibilityGlobals) = postSolution
		SolutionGuid = {F42B90E9-5BA9-47D3-BCC6-FDD741692DC9}
	EndGlobalSection
EndGlobal
