
Microsoft Visual Studio Solution File, Format Version 12.00
# Visual Studio Version 16
VisualStudioVersion = 16.0.30804.86
MinimumVisualStudioVersion = 10.0.40219.1
Project("{FAE04EC0-301F-11D3-BF4B-00C04F79EFBC}") = "Company Roster", "Company Roster\Company Roster.csproj", "{58694FE9-138A-4629-8801-372C3365CDB0}"
EndProject
Project("{FAE04EC0-301F-11D3-BF4B-00C04F79EFBC}") = "Oldest Family Member", "Oldest Family Member\Oldest Family Member.csproj", "{0CC06982-AD87-4F0C-ADFD-48BAD108425B}"
EndProject
Global
	GlobalSection(SolutionConfigurationPlatforms) = preSolution
		Debug|Any CPU = Debug|Any CPU
		Release|Any CPU = Release|Any CPU
	EndGlobalSection
	GlobalSection(ProjectConfigurationPlatforms) = postSolution
		{58694FE9-138A-4629-8801-372C3365CDB0}.Debug|Any CPU.ActiveCfg = Debug|Any CPU
		{58694FE9-138A-4629-8801-372C3365CDB0}.Debug|Any CPU.Build.0 = Debug|Any CPU
		{58694FE9-138A-4629-8801-372C3365CDB0}.Release|Any CPU.ActiveCfg = Release|Any CPU
		{58694FE9-138A-4629-8801-372C3365CDB0}.Release|Any CPU.Build.0 = Release|Any CPU
		{0CC06982-AD87-4F0C-ADFD-48BAD108425B}.Debug|Any CPU.ActiveCfg = Debug|Any CPU
		{0CC06982-AD87-4F0C-ADFD-48BAD108425B}.Debug|Any CPU.Build.0 = Debug|Any CPU
		{0CC06982-AD87-4F0C-ADFD-48BAD108425B}.Release|Any CPU.ActiveCfg = Release|Any CPU
		{0CC06982-AD87-4F0C-ADFD-48BAD108425B}.Release|Any CPU.Build.0 = Release|Any CPU
	EndGlobalSection
	GlobalSection(SolutionProperties) = preSolution
		HideSolutionNode = FALSE
	EndGlobalSection
	GlobalSection(ExtensibilityGlobals) = postSolution
		SolutionGuid = {807EE754-4253-4738-A8B9-52518096F8C8}
	EndGlobalSection
EndGlobal
